
Microsoft Visual Studio Solution File, Format Version 12.00
Project("{FAE04EC0-301F-11D3-BF4B-00C04F79EFBC}") = "Ballot.Domain", "Ballot.Domain\Ballot.Domain.csproj", "{A380F0A2-2038-4866-9DEE-A6BF2BA97266}"
EndProject
Project("{FAE04EC0-301F-11D3-BF4B-00C04F79EFBC}") = "Ballot.Infrastructure", "Ballot.Infrastructure\Ballot.Infrastructure.csproj", "{2A08DFEF-09F0-4947-B34E-16EAD80AAF88}"
EndProject
Global
	GlobalSection(SolutionConfigurationPlatforms) = preSolution
		Debug|Any CPU = Debug|Any CPU
		Release|Any CPU = Release|Any CPU
	EndGlobalSection
	GlobalSection(ProjectConfigurationPlatforms) = postSolution
		{A380F0A2-2038-4866-9DEE-A6BF2BA97266}.Debug|Any CPU.ActiveCfg = Debug|Any CPU
		{A380F0A2-2038-4866-9DEE-A6BF2BA97266}.Debug|Any CPU.Build.0 = Debug|Any CPU
		{A380F0A2-2038-4866-9DEE-A6BF2BA97266}.Release|Any CPU.ActiveCfg = Release|Any CPU
		{A380F0A2-2038-4866-9DEE-A6BF2BA97266}.Release|Any CPU.Build.0 = Release|Any CPU
		{2A08DFEF-09F0-4947-B34E-16EAD80AAF88}.Debug|Any CPU.ActiveCfg = Debug|Any CPU
		{2A08DFEF-09F0-4947-B34E-16EAD80AAF88}.Debug|Any CPU.Build.0 = Debug|Any CPU
		{2A08DFEF-09F0-4947-B34E-16EAD80AAF88}.Release|Any CPU.ActiveCfg = Release|Any CPU
		{2A08DFEF-09F0-4947-B34E-16EAD80AAF88}.Release|Any CPU.Build.0 = Release|Any CPU
	EndGlobalSection
EndGlobal
